
Microsoft Visual Studio Solution File, Format Version 12.00
# Visual Studio Version 17
VisualStudioVersion = 17.3.32519.111
MinimumVisualStudioVersion = 10.0.40219.1
Project("{9A19103F-16F7-4668-BE54-9A1E7A4F7556}") = "Portfolio.Server", "Portfolio\Server\Portfolio.Server.csproj", "{7E4112BF-D532-4F66-B3E4-BBD6EF778D56}"
EndProject
Project("{9A19103F-16F7-4668-BE54-9A1E7A4F7556}") = "Portfolio.Client", "Portfolio\Client\Portfolio.Client.csproj", "{024CF2BC-89FA-4E67-B424-6B61FA603380}"
EndProject
Project("{9A19103F-16F7-4668-BE54-9A1E7A4F7556}") = "Portfolio.Shared", "Portfolio\Shared\Portfolio.Shared.csproj", "{388CE0E0-9DF3-4906-9A44-D49703C7D9F4}"
EndProject
Global
	GlobalSection(SolutionConfigurationPlatforms) = preSolution
		Debug|Any CPU = Debug|Any CPU
		Release|Any CPU = Release|Any CPU
	EndGlobalSection
	GlobalSection(ProjectConfigurationPlatforms) = postSolution
		{7E4112BF-D532-4F66-B3E4-BBD6EF778D56}.Debug|Any CPU.ActiveCfg = Debug|Any CPU
		{7E4112BF-D532-4F66-B3E4-BBD6EF778D56}.Debug|Any CPU.Build.0 = Debug|Any CPU
		{7E4112BF-D532-4F66-B3E4-BBD6EF778D56}.Release|Any CPU.ActiveCfg = Release|Any CPU
		{7E4112BF-D532-4F66-B3E4-BBD6EF778D56}.Release|Any CPU.Build.0 = Release|Any CPU
		{024CF2BC-89FA-4E67-B424-6B61FA603380}.Debug|Any CPU.ActiveCfg = Debug|Any CPU
		{024CF2BC-89FA-4E67-B424-6B61FA603380}.Debug|Any CPU.Build.0 = Debug|Any CPU
		{024CF2BC-89FA-4E67-B424-6B61FA603380}.Release|Any CPU.ActiveCfg = Release|Any CPU
		{024CF2BC-89FA-4E67-B424-6B61FA603380}.Release|Any CPU.Build.0 = Release|Any CPU
		{388CE0E0-9DF3-4906-9A44-D49703C7D9F4}.Debug|Any CPU.ActiveCfg = Debug|Any CPU
		{388CE0E0-9DF3-4906-9A44-D49703C7D9F4}.Debug|Any CPU.Build.0 = Debug|Any CPU
		{388CE0E0-9DF3-4906-9A44-D49703C7D9F4}.Release|Any CPU.ActiveCfg = Release|Any CPU
		{388CE0E0-9DF3-4906-9A44-D49703C7D9F4}.Release|Any CPU.Build.0 = Release|Any CPU
	EndGlobalSection
	GlobalSection(SolutionProperties) = preSolution
		HideSolutionNode = FALSE
	EndGlobalSection
	GlobalSection(ExtensibilityGlobals) = postSolution
		SolutionGuid = {4D4E77AE-C5AB-4F20-BFEE-641ABEF5D0D5}
	EndGlobalSection
EndGlobal
